
Microsoft Visual Studio Solution File, Format Version 12.00
# Visual Studio Version 17
VisualStudioVersion = 17.3.32825.248
MinimumVisualStudioVersion = 10.0.40219.1
Project("{FAE04EC0-301F-11D3-BF4B-00C04F79EFBC}") = "Hospital-Self-service-Machines", "Hospital-Self-service-Machines\Hospital-Self-service-Machines.csproj", "{1250F2D0-66E8-4C5B-8D92-62C14C6F4C25}"
EndProject
Global
	GlobalSection(SolutionConfigurationPlatforms) = preSolution
		Debug|Any CPU = Debug|Any CPU
		Release|Any CPU = Release|Any CPU
	EndGlobalSection
	GlobalSection(ProjectConfigurationPlatforms) = postSolution
		{1250F2D0-66E8-4C5B-8D92-62C14C6F4C25}.Debug|Any CPU.ActiveCfg = Debug|Any CPU
		{1250F2D0-66E8-4C5B-8D92-62C14C6F4C25}.Debug|Any CPU.Build.0 = Debug|Any CPU
		{1250F2D0-66E8-4C5B-8D92-62C14C6F4C25}.Release|Any CPU.ActiveCfg = Release|Any CPU
		{1250F2D0-66E8-4C5B-8D92-62C14C6F4C25}.Release|Any CPU.Build.0 = Release|Any CPU
	EndGlobalSection
	GlobalSection(SolutionProperties) = preSolution
		HideSolutionNode = FALSE
	EndGlobalSection
	GlobalSection(ExtensibilityGlobals) = postSolution
		SolutionGuid = {49EFD395-36FB-4E6D-AD98-6679415A1F07}
	EndGlobalSection
EndGlobal
